{
	"name": "pyglotaran-extras",
	"lockfileVersion": 3,
	"requires": true,
	"packages": {
		"": {
			"dependencies": {
				"cytoscape": "3.30.1",
				"cytoscape-avsdf": "1.0.0",
				"cytoscape-dagre": "2.5.0",
				"cytoscape-grid-guide": "2.3.3",
				"cytoscape-node-editing": "4.1.0",
				"cytoscape-noderesize": "1.0.0",
				"cytoscape-panzoom": "^2.5.3",
				"jquery": "3.7.1",
				"konva": "^7.0.3"
			},
			"devDependencies": {
				"esbuild": "^0.23.0",
				"rimraf": "^6.1.2"
			}
		},
		"node_modules/@esbuild/aix-ppc64": {
			"version": "0.23.0",
			"resolved": "https://registry.npmjs.org/@esbuild/aix-ppc64/-/aix-ppc64-0.23.0.tgz",
			"integrity": "sha512-3sG8Zwa5fMcA9bgqB8AfWPQ+HFke6uD3h1s3RIwUNK8EG7a4buxvuFTs3j1IMs2NXAk9F30C/FF4vxRgQCcmoQ==",
			"cpu": [
				"ppc64"
			],
			"dev": true,
			"optional": true,
			"os": [
				"aix"
			],
			"engines": {
				"node": ">=18"
			}
		},
		"node_modules/@esbuild/android-arm": {
			"version": "0.23.0",
			"resolved": "https://registry.npmjs.org/@esbuild/android-arm/-/android-arm-0.23.0.tgz",
			"integrity": "sha512-+KuOHTKKyIKgEEqKbGTK8W7mPp+hKinbMBeEnNzjJGyFcWsfrXjSTNluJHCY1RqhxFurdD8uNXQDei7qDlR6+g==",
			"cpu": [
				"arm"
			],
			"dev": true,
			"optional": true,
			"os": [
				"android"
			],
			"engines": {
				"node": ">=18"
			}
		},
		"node_modules/@esbuild/android-arm64": {
			"version": "0.23.0",
			"resolved": "https://registry.npmjs.org/@esbuild/android-arm64/-/android-arm64-0.23.0.tgz",
			"integrity": "sha512-EuHFUYkAVfU4qBdyivULuu03FhJO4IJN9PGuABGrFy4vUuzk91P2d+npxHcFdpUnfYKy0PuV+n6bKIpHOB3prQ==",
			"cpu": [
				"arm64"
			],
			"dev": true,
			"optional": true,
			"os": [
				"android"
			],
			"engines": {
				"node": ">=18"
			}
		},
		"node_modules/@esbuild/android-x64": {
			"version": "0.23.0",
			"resolved": "https://registry.npmjs.org/@esbuild/android-x64/-/android-x64-0.23.0.tgz",
			"integrity": "sha512-WRrmKidLoKDl56LsbBMhzTTBxrsVwTKdNbKDalbEZr0tcsBgCLbEtoNthOW6PX942YiYq8HzEnb4yWQMLQuipQ==",
			"cpu": [
				"x64"
			],
			"dev": true,
			"optional": true,
			"os": [
				"android"
			],
			"engines": {
				"node": ">=18"
			}
		},
		"node_modules/@esbuild/darwin-arm64": {
			"version": "0.23.0",
			"resolved": "https://registry.npmjs.org/@esbuild/darwin-arm64/-/darwin-arm64-0.23.0.tgz",
			"integrity": "sha512-YLntie/IdS31H54Ogdn+v50NuoWF5BDkEUFpiOChVa9UnKpftgwzZRrI4J132ETIi+D8n6xh9IviFV3eXdxfow==",
			"cpu": [
				"arm64"
			],
			"dev": true,
			"optional": true,
			"os": [
				"darwin"
			],
			"engines": {
				"node": ">=18"
			}
		},
		"node_modules/@esbuild/darwin-x64": {
			"version": "0.23.0",
			"resolved": "https://registry.npmjs.org/@esbuild/darwin-x64/-/darwin-x64-0.23.0.tgz",
			"integrity": "sha512-IMQ6eme4AfznElesHUPDZ+teuGwoRmVuuixu7sv92ZkdQcPbsNHzutd+rAfaBKo8YK3IrBEi9SLLKWJdEvJniQ==",
			"cpu": [
				"x64"
			],
			"dev": true,
			"optional": true,
			"os": [
				"darwin"
			],
			"engines": {
				"node": ">=18"
			}
		},
		"node_modules/@esbuild/freebsd-arm64": {
			"version": "0.23.0",
			"resolved": "https://registry.npmjs.org/@esbuild/freebsd-arm64/-/freebsd-arm64-0.23.0.tgz",
			"integrity": "sha512-0muYWCng5vqaxobq6LB3YNtevDFSAZGlgtLoAc81PjUfiFz36n4KMpwhtAd4he8ToSI3TGyuhyx5xmiWNYZFyw==",
			"cpu": [
				"arm64"
			],
			"dev": true,
			"optional": true,
			"os": [
				"freebsd"
			],
			"engines": {
				"node": ">=18"
			}
		},
		"node_modules/@esbuild/freebsd-x64": {
			"version": "0.23.0",
			"resolved": "https://registry.npmjs.org/@esbuild/freebsd-x64/-/freebsd-x64-0.23.0.tgz",
			"integrity": "sha512-XKDVu8IsD0/q3foBzsXGt/KjD/yTKBCIwOHE1XwiXmrRwrX6Hbnd5Eqn/WvDekddK21tfszBSrE/WMaZh+1buQ==",
			"cpu": [
				"x64"
			],
			"dev": true,
			"optional": true,
			"os": [
				"freebsd"
			],
			"engines": {
				"node": ">=18"
			}
		},
		"node_modules/@esbuild/linux-arm": {
			"version": "0.23.0",
			"resolved": "https://registry.npmjs.org/@esbuild/linux-arm/-/linux-arm-0.23.0.tgz",
			"integrity": "sha512-SEELSTEtOFu5LPykzA395Mc+54RMg1EUgXP+iw2SJ72+ooMwVsgfuwXo5Fn0wXNgWZsTVHwY2cg4Vi/bOD88qw==",
			"cpu": [
				"arm"
			],
			"dev": true,
			"optional": true,
			"os": [
				"linux"
			],
			"engines": {
				"node": ">=18"
			}
		},
		"node_modules/@esbuild/linux-arm64": {
			"version": "0.23.0",
			"resolved": "https://registry.npmjs.org/@esbuild/linux-arm64/-/linux-arm64-0.23.0.tgz",
			"integrity": "sha512-j1t5iG8jE7BhonbsEg5d9qOYcVZv/Rv6tghaXM/Ug9xahM0nX/H2gfu6X6z11QRTMT6+aywOMA8TDkhPo8aCGw==",
			"cpu": [
				"arm64"
			],
			"dev": true,
			"optional": true,
			"os": [
				"linux"
			],
			"engines": {
				"node": ">=18"
			}
		},
		"node_modules/@esbuild/linux-ia32": {
			"version": "0.23.0",
			"resolved": "https://registry.npmjs.org/@esbuild/linux-ia32/-/linux-ia32-0.23.0.tgz",
			"integrity": "sha512-P7O5Tkh2NbgIm2R6x1zGJJsnacDzTFcRWZyTTMgFdVit6E98LTxO+v8LCCLWRvPrjdzXHx9FEOA8oAZPyApWUA==",
			"cpu": [
				"ia32"
			],
			"dev": true,
			"optional": true,
			"os": [
				"linux"
			],
			"engines": {
				"node": ">=18"
			}
		},
		"node_modules/@esbuild/linux-loong64": {
			"version": "0.23.0",
			"resolved": "https://registry.npmjs.org/@esbuild/linux-loong64/-/linux-loong64-0.23.0.tgz",
			"integrity": "sha512-InQwepswq6urikQiIC/kkx412fqUZudBO4SYKu0N+tGhXRWUqAx+Q+341tFV6QdBifpjYgUndV1hhMq3WeJi7A==",
			"cpu": [
				"loong64"
			],
			"dev": true,
			"optional": true,
			"os": [
				"linux"
			],
			"engines": {
				"node": ">=18"
			}
		},
		"node_modules/@esbuild/linux-mips64el": {
			"version": "0.23.0",
			"resolved": "https://registry.npmjs.org/@esbuild/linux-mips64el/-/linux-mips64el-0.23.0.tgz",
			"integrity": "sha512-J9rflLtqdYrxHv2FqXE2i1ELgNjT+JFURt/uDMoPQLcjWQA5wDKgQA4t/dTqGa88ZVECKaD0TctwsUfHbVoi4w==",
			"cpu": [
				"mips64el"
			],
			"dev": true,
			"optional": true,
			"os": [
				"linux"
			],
			"engines": {
				"node": ">=18"
			}
		},
		"node_modules/@esbuild/linux-ppc64": {
			"version": "0.23.0",
			"resolved": "https://registry.npmjs.org/@esbuild/linux-ppc64/-/linux-ppc64-0.23.0.tgz",
			"integrity": "sha512-cShCXtEOVc5GxU0fM+dsFD10qZ5UpcQ8AM22bYj0u/yaAykWnqXJDpd77ublcX6vdDsWLuweeuSNZk4yUxZwtw==",
			"cpu": [
				"ppc64"
			],
			"dev": true,
			"optional": true,
			"os": [
				"linux"
			],
			"engines": {
				"node": ">=18"
			}
		},
		"node_modules/@esbuild/linux-riscv64": {
			"version": "0.23.0",
			"resolved": "https://registry.npmjs.org/@esbuild/linux-riscv64/-/linux-riscv64-0.23.0.tgz",
			"integrity": "sha512-HEtaN7Y5UB4tZPeQmgz/UhzoEyYftbMXrBCUjINGjh3uil+rB/QzzpMshz3cNUxqXN7Vr93zzVtpIDL99t9aRw==",
			"cpu": [
				"riscv64"
			],
			"dev": true,
			"optional": true,
			"os": [
				"linux"
			],
			"engines": {
				"node": ">=18"
			}
		},
		"node_modules/@esbuild/linux-s390x": {
			"version": "0.23.0",
			"resolved": "https://registry.npmjs.org/@esbuild/linux-s390x/-/linux-s390x-0.23.0.tgz",
			"integrity": "sha512-WDi3+NVAuyjg/Wxi+o5KPqRbZY0QhI9TjrEEm+8dmpY9Xir8+HE/HNx2JoLckhKbFopW0RdO2D72w8trZOV+Wg==",
			"cpu": [
				"s390x"
			],
			"dev": true,
			"optional": true,
			"os": [
				"linux"
			],
			"engines": {
				"node": ">=18"
			}
		},
		"node_modules/@esbuild/linux-x64": {
			"version": "0.23.0",
			"resolved": "https://registry.npmjs.org/@esbuild/linux-x64/-/linux-x64-0.23.0.tgz",
			"integrity": "sha512-a3pMQhUEJkITgAw6e0bWA+F+vFtCciMjW/LPtoj99MhVt+Mfb6bbL9hu2wmTZgNd994qTAEw+U/r6k3qHWWaOQ==",
			"cpu": [
				"x64"
			],
			"dev": true,
			"optional": true,
			"os": [
				"linux"
			],
			"engines": {
				"node": ">=18"
			}
		},
		"node_modules/@esbuild/netbsd-x64": {
			"version": "0.23.0",
			"resolved": "https://registry.npmjs.org/@esbuild/netbsd-x64/-/netbsd-x64-0.23.0.tgz",
			"integrity": "sha512-cRK+YDem7lFTs2Q5nEv/HHc4LnrfBCbH5+JHu6wm2eP+d8OZNoSMYgPZJq78vqQ9g+9+nMuIsAO7skzphRXHyw==",
			"cpu": [
				"x64"
			],
			"dev": true,
			"optional": true,
			"os": [
				"netbsd"
			],
			"engines": {
				"node": ">=18"
			}
		},
		"node_modules/@esbuild/openbsd-arm64": {
			"version": "0.23.0",
			"resolved": "https://registry.npmjs.org/@esbuild/openbsd-arm64/-/openbsd-arm64-0.23.0.tgz",
			"integrity": "sha512-suXjq53gERueVWu0OKxzWqk7NxiUWSUlrxoZK7usiF50C6ipColGR5qie2496iKGYNLhDZkPxBI3erbnYkU0rQ==",
			"cpu": [
				"arm64"
			],
			"dev": true,
			"optional": true,
			"os": [
				"openbsd"
			],
			"engines": {
				"node": ">=18"
			}
		},
		"node_modules/@esbuild/openbsd-x64": {
			"version": "0.23.0",
			"resolved": "https://registry.npmjs.org/@esbuild/openbsd-x64/-/openbsd-x64-0.23.0.tgz",
			"integrity": "sha512-6p3nHpby0DM/v15IFKMjAaayFhqnXV52aEmv1whZHX56pdkK+MEaLoQWj+H42ssFarP1PcomVhbsR4pkz09qBg==",
			"cpu": [
				"x64"
			],
			"dev": true,
			"optional": true,
			"os": [
				"openbsd"
			],
			"engines": {
				"node": ">=18"
			}
		},
		"node_modules/@esbuild/sunos-x64": {
			"version": "0.23.0",
			"resolved": "https://registry.npmjs.org/@esbuild/sunos-x64/-/sunos-x64-0.23.0.tgz",
			"integrity": "sha512-BFelBGfrBwk6LVrmFzCq1u1dZbG4zy/Kp93w2+y83Q5UGYF1d8sCzeLI9NXjKyujjBBniQa8R8PzLFAUrSM9OA==",
			"cpu": [
				"x64"
			],
			"dev": true,
			"optional": true,
			"os": [
				"sunos"
			],
			"engines": {
				"node": ">=18"
			}
		},
		"node_modules/@esbuild/win32-arm64": {
			"version": "0.23.0",
			"resolved": "https://registry.npmjs.org/@esbuild/win32-arm64/-/win32-arm64-0.23.0.tgz",
			"integrity": "sha512-lY6AC8p4Cnb7xYHuIxQ6iYPe6MfO2CC43XXKo9nBXDb35krYt7KGhQnOkRGar5psxYkircpCqfbNDB4uJbS2jQ==",
			"cpu": [
				"arm64"
			],
			"dev": true,
			"optional": true,
			"os": [
				"win32"
			],
			"engines": {
				"node": ">=18"
			}
		},
		"node_modules/@esbuild/win32-ia32": {
			"version": "0.23.0",
			"resolved": "https://registry.npmjs.org/@esbuild/win32-ia32/-/win32-ia32-0.23.0.tgz",
			"integrity": "sha512-7L1bHlOTcO4ByvI7OXVI5pNN6HSu6pUQq9yodga8izeuB1KcT2UkHaH6118QJwopExPn0rMHIseCTx1CRo/uNA==",
			"cpu": [
				"ia32"
			],
			"dev": true,
			"optional": true,
			"os": [
				"win32"
			],
			"engines": {
				"node": ">=18"
			}
		},
		"node_modules/@esbuild/win32-x64": {
			"version": "0.23.0",
			"resolved": "https://registry.npmjs.org/@esbuild/win32-x64/-/win32-x64-0.23.0.tgz",
			"integrity": "sha512-Arm+WgUFLUATuoxCJcahGuk6Yj9Pzxd6l11Zb/2aAuv5kWWvvfhLFo2fni4uSK5vzlUdCGZ/BdV5tH8klj8p8g==",
			"cpu": [
				"x64"
			],
			"dev": true,
			"optional": true,
			"os": [
				"win32"
			],
			"engines": {
				"node": ">=18"
			}
		},
		"node_modules/@isaacs/balanced-match": {
			"version": "4.0.1",
			"resolved": "https://registry.npmjs.org/@isaacs/balanced-match/-/balanced-match-4.0.1.tgz",
			"integrity": "sha512-yzMTt9lEb8Gv7zRioUilSglI0c0smZ9k5D65677DLWLtWJaXIS3CqcGyUFByYKlnUj6TkjLVs54fBl6+TiGQDQ==",
			"dev": true,
			"license": "MIT",
			"engines": {
				"node": "20 || >=22"
			}
		},
		"node_modules/@isaacs/brace-expansion": {
			"version": "5.0.1",
			"resolved": "https://registry.npmjs.org/@isaacs/brace-expansion/-/brace-expansion-5.0.1.tgz",
			"integrity": "sha512-WMz71T1JS624nWj2n2fnYAuPovhv7EUhk69R6i9dsVyzxt5eM3bjwvgk9L+APE1TRscGysAVMANkB0jh0LQZrQ==",
			"dev": true,
			"license": "MIT",
			"dependencies": {
				"@isaacs/balanced-match": "^4.0.1"
			},
			"engines": {
				"node": "20 || >=22"
			}
		},
		"node_modules/avsdf-base": {
			"version": "1.0.0",
			"resolved": "https://registry.npmjs.org/avsdf-base/-/avsdf-base-1.0.0.tgz",
			"integrity": "sha512-APhZNUFJwIwrLsSfE95QjobEntdUhFQgfNtC/BrYmjUpwHh5Y2fbRv8lxAlMr1hdf/CuQYsqJxK3dRzcCL77qw==",
			"dependencies": {
				"layout-base": "^1.0.0"
			}
		},
		"node_modules/cytoscape": {
			"version": "3.30.1",
			"resolved": "https://registry.npmjs.org/cytoscape/-/cytoscape-3.30.1.tgz",
			"integrity": "sha512-TRJc3HbBPkHd50u9YfJh2FxD1lDLZ+JXnJoyBn5LkncoeuT7fapO/Hq/Ed8TdFclaKshzInge2i30bg7VKeoPQ==",
			"engines": {
				"node": ">=0.10"
			}
		},
		"node_modules/cytoscape-avsdf": {
			"version": "1.0.0",
			"resolved": "https://registry.npmjs.org/cytoscape-avsdf/-/cytoscape-avsdf-1.0.0.tgz",
			"integrity": "sha512-Wzd2wmJgr4dK5avHy4nKHp3D8TBZ8H/+5Hq5o24bRdVTvXlhSDzQhAMtzOuhRPYwHcWB+cBhEAXboAK8n7zPTQ==",
			"dependencies": {
				"avsdf-base": "^1.0.0"
			},
			"peerDependencies": {
				"cytoscape": "^3.2.0"
			}
		},
		"node_modules/cytoscape-dagre": {
			"version": "2.5.0",
			"resolved": "https://registry.npmjs.org/cytoscape-dagre/-/cytoscape-dagre-2.5.0.tgz",
			"integrity": "sha512-VG2Knemmshop4kh5fpLO27rYcyUaaDkRw+6PiX4bstpB+QFt0p2oauMrsjVbUamGWQ6YNavh7x2em2uZlzV44g==",
			"dependencies": {
				"dagre": "^0.8.5"
			},
			"peerDependencies": {
				"cytoscape": "^3.2.22"
			}
		},
		"node_modules/cytoscape-grid-guide": {
			"version": "2.3.3",
			"resolved": "https://registry.npmjs.org/cytoscape-grid-guide/-/cytoscape-grid-guide-2.3.3.tgz",
			"integrity": "sha512-7EuqZgOYJY+8K9a9Tm1aFydzyA0dvZ3OLQ8ACEEuE1VgxuGala82bHfyR7B5e8kLeOloX/r4YAPoK8mYkPYcFg==",
			"dependencies": {
				"functional-red-black-tree": "^1.0.1"
			},
			"peerDependencies": {
				"cytoscape": "^3.3.0"
			}
		},
		"node_modules/cytoscape-node-editing": {
			"version": "4.1.0",
			"resolved": "https://registry.npmjs.org/cytoscape-node-editing/-/cytoscape-node-editing-4.1.0.tgz",
			"integrity": "sha512-8YBRhRwOYIhCQ053UBV3dZAZrwotQDkxYGwBy+J6YNAc/zcSDwm8vu1KoVNWh/g/BbChoaCyV9ho3f/5x5IOhQ==",
			"peerDependencies": {
				"cytoscape": "^3.2.0",
				"jquery": "^1.7.0 || ^2.0.0 || ^3.0.0",
				"konva": "^7.0.3"
			}
		},
		"node_modules/cytoscape-noderesize": {
			"version": "1.0.0",
			"resolved": "https://registry.npmjs.org/cytoscape-noderesize/-/cytoscape-noderesize-1.0.0.tgz",
			"integrity": "sha512-+lRU2rkfSnsDu6IgfxzmfMinP3lv4sezh8L++TyUZ7mWGztQqz/+Y87g8jkr0vqIJXrEO8TvA2in58qVVb6L9A=="
		},
		"node_modules/cytoscape-panzoom": {
			"version": "2.5.3",
			"resolved": "https://registry.npmjs.org/cytoscape-panzoom/-/cytoscape-panzoom-2.5.3.tgz",
			"integrity": "sha512-//qLOqbbFUCGddarNKHDZArItOJHgnkQ1TvxI9nV2/8aOOl/5wuEOHmra3fL/aWSjB4AYpYTG4LX7w96uWfRTQ==",
			"dependencies": {
				"jquery": "^1.4 || ^2.0 || ^3.0"
			},
			"peerDependencies": {
				"cytoscape": "^2.0.0 || ^3.0.0"
			}
		},
		"node_modules/dagre": {
			"version": "0.8.5",
			"resolved": "https://registry.npmjs.org/dagre/-/dagre-0.8.5.tgz",
			"integrity": "sha512-/aTqmnRta7x7MCCpExk7HQL2O4owCT2h8NT//9I1OQ9vt29Pa0BzSAkR5lwFUcQ7491yVi/3CXU9jQ5o0Mn2Sw==",
			"dependencies": {
				"graphlib": "^2.1.8",
				"lodash": "^4.17.15"
			}
		},
		"node_modules/esbuild": {
			"version": "0.23.0",
			"resolved": "https://registry.npmjs.org/esbuild/-/esbuild-0.23.0.tgz",
			"integrity": "sha512-1lvV17H2bMYda/WaFb2jLPeHU3zml2k4/yagNMG8Q/YtfMjCwEUZa2eXXMgZTVSL5q1n4H7sQ0X6CdJDqqeCFA==",
			"dev": true,
			"hasInstallScript": true,
			"bin": {
				"esbuild": "bin/esbuild"
			},
			"engines": {
				"node": ">=18"
			},
			"optionalDependencies": {
				"@esbuild/aix-ppc64": "0.23.0",
				"@esbuild/android-arm": "0.23.0",
				"@esbuild/android-arm64": "0.23.0",
				"@esbuild/android-x64": "0.23.0",
				"@esbuild/darwin-arm64": "0.23.0",
				"@esbuild/darwin-x64": "0.23.0",
				"@esbuild/freebsd-arm64": "0.23.0",
				"@esbuild/freebsd-x64": "0.23.0",
				"@esbuild/linux-arm": "0.23.0",
				"@esbuild/linux-arm64": "0.23.0",
				"@esbuild/linux-ia32": "0.23.0",
				"@esbuild/linux-loong64": "0.23.0",
				"@esbuild/linux-mips64el": "0.23.0",
				"@esbuild/linux-ppc64": "0.23.0",
				"@esbuild/linux-riscv64": "0.23.0",
				"@esbuild/linux-s390x": "0.23.0",
				"@esbuild/linux-x64": "0.23.0",
				"@esbuild/netbsd-x64": "0.23.0",
				"@esbuild/openbsd-arm64": "0.23.0",
				"@esbuild/openbsd-x64": "0.23.0",
				"@esbuild/sunos-x64": "0.23.0",
				"@esbuild/win32-arm64": "0.23.0",
				"@esbuild/win32-ia32": "0.23.0",
				"@esbuild/win32-x64": "0.23.0"
			}
		},
		"node_modules/functional-red-black-tree": {
			"version": "1.0.1",
			"resolved": "https://registry.npmjs.org/functional-red-black-tree/-/functional-red-black-tree-1.0.1.tgz",
			"integrity": "sha512-dsKNQNdj6xA3T+QlADDA7mOSlX0qiMINjn0cgr+eGHGsbSHzTabcIogz2+p/iqP1Xs6EP/sS2SbqH+brGTbq0g=="
		},
		"node_modules/glob": {
			"version": "13.0.1",
			"resolved": "https://registry.npmjs.org/glob/-/glob-13.0.1.tgz",
			"integrity": "sha512-B7U/vJpE3DkJ5WXTgTpTRN63uV42DseiXXKMwG14LQBXmsdeIoHAPbU/MEo6II0k5ED74uc2ZGTC6MwHFQhF6w==",
			"dev": true,
			"license": "BlueOak-1.0.0",
			"dependencies": {
				"minimatch": "^10.1.2",
				"minipass": "^7.1.2",
				"path-scurry": "^2.0.0"
			},
			"engines": {
				"node": "20 || >=22"
			},
			"funding": {
				"url": "https://github.com/sponsors/isaacs"
			}
		},
		"node_modules/graphlib": {
			"version": "2.1.8",
			"resolved": "https://registry.npmjs.org/graphlib/-/graphlib-2.1.8.tgz",
			"integrity": "sha512-jcLLfkpoVGmH7/InMC/1hIvOPSUh38oJtGhvrOFGzioE1DZ+0YW16RgmOJhHiuWTvGiJQ9Z1Ik43JvkRPRvE+A==",
			"dependencies": {
				"lodash": "^4.17.15"
			}
		},
		"node_modules/jquery": {
			"version": "3.7.1",
			"resolved": "https://registry.npmjs.org/jquery/-/jquery-3.7.1.tgz",
			"integrity": "sha512-m4avr8yL8kmFN8psrbFFFmB/If14iN5o9nw/NgnnM+kybDJpRsAynV2BsfpTYrTRysYUdADVD7CkUUizgkpLfg=="
		},
		"node_modules/konva": {
			"version": "7.2.5",
			"resolved": "https://registry.npmjs.org/konva/-/konva-7.2.5.tgz",
			"integrity": "sha512-yk/li8rUF+09QNlOdkwbEId+QvfATMe/aMGVouWW1oFoUVTYWHsQuIAE6lWy11DK8mLJEJijkNAXC5K+NVlMew==",
			"funding": [
				{
					"type": "patreon",
					"url": "https://www.patreon.com/lavrton"
				},
				{
					"type": "opencollective",
					"url": "https://opencollective.com/konva"
				},
				{
					"type": "github",
					"url": "https://github.com/sponsors/lavrton"
				}
			]
		},
		"node_modules/layout-base": {
			"version": "1.0.2",
			"resolved": "https://registry.npmjs.org/layout-base/-/layout-base-1.0.2.tgz",
			"integrity": "sha512-8h2oVEZNktL4BH2JCOI90iD1yXwL6iNW7KcCKT2QZgQJR2vbqDsldCTPRU9NifTCqHZci57XvQQ15YTu+sTYPg=="
		},
		"node_modules/lodash": {
			"version": "4.17.21",
			"resolved": "https://registry.npmjs.org/lodash/-/lodash-4.17.21.tgz",
			"integrity": "sha512-v2kDEe57lecTulaDIuNTPy3Ry4gLGJ6Z1O3vE1krgXZNrsQ+LFTGHVxVjcXPs17LhbZVGedAJv8XZ1tvj5FvSg=="
		},
		"node_modules/lru-cache": {
			"version": "11.2.5",
			"resolved": "https://registry.npmjs.org/lru-cache/-/lru-cache-11.2.5.tgz",
			"integrity": "sha512-vFrFJkWtJvJnD5hg+hJvVE8Lh/TcMzKnTgCWmtBipwI5yLX/iX+5UB2tfuyODF5E7k9xEzMdYgGqaSb1c0c5Yw==",
			"dev": true,
			"license": "BlueOak-1.0.0",
			"engines": {
				"node": "20 || >=22"
			}
		},
		"node_modules/minimatch": {
			"version": "10.1.2",
			"resolved": "https://registry.npmjs.org/minimatch/-/minimatch-10.1.2.tgz",
			"integrity": "sha512-fu656aJ0n2kcXwsnwnv9g24tkU5uSmOlTjd6WyyaKm2Z+h1qmY6bAjrcaIxF/BslFqbZ8UBtbJi7KgQOZD2PTw==",
			"dev": true,
			"license": "BlueOak-1.0.0",
			"dependencies": {
				"@isaacs/brace-expansion": "^5.0.1"
			},
			"engines": {
				"node": "20 || >=22"
			},
			"funding": {
				"url": "https://github.com/sponsors/isaacs"
			}
		},
		"node_modules/minipass": {
			"version": "7.1.2",
			"resolved": "https://registry.npmjs.org/minipass/-/minipass-7.1.2.tgz",
			"integrity": "sha512-qOOzS1cBTWYF4BH8fVePDBOO9iptMnGUEZwNc/cMWnTV2nVLZ7VoNWEPHkYczZA0pdoA7dl6e7FL659nX9S2aw==",
			"dev": true,
			"license": "ISC",
			"engines": {
				"node": ">=16 || 14 >=14.17"
			}
		},
		"node_modules/package-json-from-dist": {
			"version": "1.0.1",
			"resolved": "https://registry.npmjs.org/package-json-from-dist/-/package-json-from-dist-1.0.1.tgz",
			"integrity": "sha512-UEZIS3/by4OC8vL3P2dTXRETpebLI2NiI5vIrjaD/5UtrkFX/tNbwjTSRAGC/+7CAo2pIcBaRgWmcBBHcsaCIw==",
			"dev": true,
			"license": "BlueOak-1.0.0"
		},
		"node_modules/path-scurry": {
			"version": "2.0.1",
			"resolved": "https://registry.npmjs.org/path-scurry/-/path-scurry-2.0.1.tgz",
			"integrity": "sha512-oWyT4gICAu+kaA7QWk/jvCHWarMKNs6pXOGWKDTr7cw4IGcUbW+PeTfbaQiLGheFRpjo6O9J0PmyMfQPjH71oA==",
			"dev": true,
			"license": "BlueOak-1.0.0",
			"dependencies": {
				"lru-cache": "^11.0.0",
				"minipass": "^7.1.2"
			},
			"engines": {
				"node": "20 || >=22"
			},
			"funding": {
				"url": "https://github.com/sponsors/isaacs"
			}
		},
		"node_modules/rimraf": {
			"version": "6.1.2",
			"resolved": "https://registry.npmjs.org/rimraf/-/rimraf-6.1.2.tgz",
			"integrity": "sha512-cFCkPslJv7BAXJsYlK1dZsbP8/ZNLkCAQ0bi1hf5EKX2QHegmDFEFA6QhuYJlk7UDdc+02JjO80YSOrWPpw06g==",
			"dev": true,
			"license": "BlueOak-1.0.0",
			"dependencies": {
				"glob": "^13.0.0",
				"package-json-from-dist": "^1.0.1"
			},
			"bin": {
				"rimraf": "dist/esm/bin.mjs"
			},
			"engines": {
				"node": "20 || >=22"
			},
			"funding": {
				"url": "https://github.com/sponsors/isaacs"
			}
		}
	}
}
